
Microsoft Visual Studio Solution File, Format Version 12.00
# Visual Studio Version 17
VisualStudioVersion = 17.10.35013.160
MinimumVisualStudioVersion = 10.0.40219.1
Project("{FAE04EC0-301F-11D3-BF4B-00C04F79EFBC}") = "CameraPreviewDemo", "CameraCaptureDemo\CameraPreviewDemo.csproj", "{9B5C2867-7AC2-4AE2-B7AB-93D0A4503EF6}"
EndProject
Global
	GlobalSection(SolutionConfigurationPlatforms) = preSolution
		Debug|Any CPU = Debug|Any CPU
		Release|Any CPU = Release|Any CPU
	EndGlobalSection
	GlobalSection(ProjectConfigurationPlatforms) = postSolution
		{9B5C2867-7AC2-4AE2-B7AB-93D0A4503EF6}.Debug|Any CPU.ActiveCfg = Debug|Any CPU
		{9B5C2867-7AC2-4AE2-B7AB-93D0A4503EF6}.Debug|Any CPU.Build.0 = Debug|Any CPU
		{9B5C2867-7AC2-4AE2-B7AB-93D0A4503EF6}.Release|Any CPU.ActiveCfg = Release|Any CPU
		{9B5C2867-7AC2-4AE2-B7AB-93D0A4503EF6}.Release|Any CPU.Build.0 = Release|Any CPU
	EndGlobalSection
	GlobalSection(SolutionProperties) = preSolution
		HideSolutionNode = FALSE
	EndGlobalSection
	GlobalSection(ExtensibilityGlobals) = postSolution
		SolutionGuid = {AAD189AD-C9AA-48D0-B139-8AA6992D6A65}
	EndGlobalSection
EndGlobal
